Microsoft Visual Studio Solution File, Format Version 11.00
# Visual Studio 2015
Project("{0387B056-043C-B04D-2CF2-B790211499F4}") = "PdPulpito", "PdPulpito.vcxproj", "{31202A0C-787A-D1D9-854F-F2B8B9F98588}"
EndProject
Global
	GlobalSection(SolutionConfigurationPlatforms) = preSolution
		Debug|Win32 = Debug|Win32
		Release|Win32 = Release|Win32
	EndGlobalSection
	GlobalSection(ProjectConfigurationPlatforms) = postSolution
		{31202A0C-787A-D1D9-854F-F2B8B9F98588}.Debug|Win32.ActiveCfg = Debug|Win32
		{31202A0C-787A-D1D9-854F-F2B8B9F98588}.Debug|Win32.Build.0 = Debug|Win32
		{31202A0C-787A-D1D9-854F-F2B8B9F98588}.Release|Win32.ActiveCfg = Release|Win32
		{31202A0C-787A-D1D9-854F-F2B8B9F98588}.Release|Win32.Build.0 = Release|Win32
	EndGlobalSection
	GlobalSection(SolutionProperties) = preSolution
		HideSolutionNode = FALSE
	EndGlobalSection
EndGlobal
